
Microsoft Visual Studio Solution File, Format Version 12.00
# Visual Studio Version 17
VisualStudioVersion = 17.4.33110.190
MinimumVisualStudioVersion = 10.0.40219.1
Project("{9A19103F-16F7-4668-BE54-9A1E7A4F7556}") = "BookStore.API", "src\BookStore.API\BookStore.API\BookStore.API.csproj", "{24751F36-DF19-4124-AAA3-95FD2A74B4A0}"
EndProject
Project("{9A19103F-16F7-4668-BE54-9A1E7A4F7556}") = "BookStore.Domain", "src\BookStore.Domain\BookStore.Domain.csproj", "{16124C02-9338-40E5-B537-881AB28F35E6}"
EndProject
Project("{9A19103F-16F7-4668-BE54-9A1E7A4F7556}") = "BookStore.Infrastructure", "src\BookStore.Infrastructure\BookStore.Infrastructure.csproj", "{79AF99B9-FE43-4148-A118-8B7A47B728EE}"
EndProject
Project("{2150E333-8FDC-42A3-9474-1A3956D46DE8}") = "Analisi Progetto", "Analisi Progetto", "{E1FC3262-C45D-41C5-8934-12415B9E166A}"
	ProjectSection(SolutionItems) = preProject
		AnalisiStrutturale.txt = AnalisiStrutturale.txt
		src\BookStore.API\BookStore.API\Architecture.txt = src\BookStore.API\BookStore.API\Architecture.txt
		src\BookStore.Domain\ScriptsCreateDb.txt = src\BookStore.Domain\ScriptsCreateDb.txt
	EndProjectSection
EndProject
Project("{2150E333-8FDC-42A3-9474-1A3956D46DE8}") = "Tests", "Tests", "{5D31EDB0-81F8-416D-8016-F1CF2C7DF303}"
EndProject
Project("{9A19103F-16F7-4668-BE54-9A1E7A4F7556}") = "BookStore.Domain.Tests", "tests\BookStore.Domain.Tests\BookStore.Domain.Tests.csproj", "{FF91FD5C-117F-47E7-8D5A-72D2EB006175}"
EndProject
Project("{9A19103F-16F7-4668-BE54-9A1E7A4F7556}") = "BookStore.SPA", "BookStore.SPA\BookStore.SPA.csproj", "{3976D999-119B-4BD3-84A6-A8C5C51D706E}"
EndProject
Global
	GlobalSection(SolutionConfigurationPlatforms) = preSolution
		Debug|Any CPU = Debug|Any CPU
		Release|Any CPU = Release|Any CPU
	EndGlobalSection
	GlobalSection(ProjectConfigurationPlatforms) = postSolution
		{24751F36-DF19-4124-AAA3-95FD2A74B4A0}.Debug|Any CPU.ActiveCfg = Debug|Any CPU
		{24751F36-DF19-4124-AAA3-95FD2A74B4A0}.Debug|Any CPU.Build.0 = Debug|Any CPU
		{24751F36-DF19-4124-AAA3-95FD2A74B4A0}.Release|Any CPU.ActiveCfg = Release|Any CPU
		{24751F36-DF19-4124-AAA3-95FD2A74B4A0}.Release|Any CPU.Build.0 = Release|Any CPU
		{16124C02-9338-40E5-B537-881AB28F35E6}.Debug|Any CPU.ActiveCfg = Debug|Any CPU
		{16124C02-9338-40E5-B537-881AB28F35E6}.Debug|Any CPU.Build.0 = Debug|Any CPU
		{16124C02-9338-40E5-B537-881AB28F35E6}.Release|Any CPU.ActiveCfg = Release|Any CPU
		{16124C02-9338-40E5-B537-881AB28F35E6}.Release|Any CPU.Build.0 = Release|Any CPU
		{79AF99B9-FE43-4148-A118-8B7A47B728EE}.Debug|Any CPU.ActiveCfg = Debug|Any CPU
		{79AF99B9-FE43-4148-A118-8B7A47B728EE}.Debug|Any CPU.Build.0 = Debug|Any CPU
		{79AF99B9-FE43-4148-A118-8B7A47B728EE}.Release|Any CPU.ActiveCfg = Release|Any CPU
		{79AF99B9-FE43-4148-A118-8B7A47B728EE}.Release|Any CPU.Build.0 = Release|Any CPU
		{FF91FD5C-117F-47E7-8D5A-72D2EB006175}.Debug|Any CPU.ActiveCfg = Debug|Any CPU
		{FF91FD5C-117F-47E7-8D5A-72D2EB006175}.Debug|Any CPU.Build.0 = Debug|Any CPU
		{FF91FD5C-117F-47E7-8D5A-72D2EB006175}.Release|Any CPU.ActiveCfg = Release|Any CPU
		{FF91FD5C-117F-47E7-8D5A-72D2EB006175}.Release|Any CPU.Build.0 = Release|Any CPU
		{3976D999-119B-4BD3-84A6-A8C5C51D706E}.Debug|Any CPU.ActiveCfg = Debug|Any CPU
		{3976D999-119B-4BD3-84A6-A8C5C51D706E}.Debug|Any CPU.Build.0 = Debug|Any CPU
		{3976D999-119B-4BD3-84A6-A8C5C51D706E}.Release|Any CPU.ActiveCfg = Release|Any CPU
		{3976D999-119B-4BD3-84A6-A8C5C51D706E}.Release|Any CPU.Build.0 = Release|Any CPU
	EndGlobalSection
	GlobalSection(SolutionProperties) = preSolution
		HideSolutionNode = FALSE
	EndGlobalSection
	GlobalSection(NestedProjects) = preSolution
		{FF91FD5C-117F-47E7-8D5A-72D2EB006175} = {5D31EDB0-81F8-416D-8016-F1CF2C7DF303}
	EndGlobalSection
	GlobalSection(ExtensibilityGlobals) = postSolution
		SolutionGuid = {94199F02-E68A-42F2-8DBE-1F319DE32FA1}
	EndGlobalSection
EndGlobal
